
Microsoft Visual Studio Solution File, Format Version 12.00
# Visual Studio Version 17
VisualStudioVersion = 17.12.35707.178
MinimumVisualStudioVersion = 10.0.40219.1
Project("{2150E333-8FDC-42A3-9474-1A3956D46DE8}") = "RentalCar", "RentalCar", "{8FEF6556-54BE-4CD8-8D26-8729907E14C8}"
EndProject
Project("{2150E333-8FDC-42A3-9474-1A3956D46DE8}") = "adapter", "adapter", "{CCE8694E-88BC-41F9-9C00-089C0CEC5904}"
EndProject
Project("{2150E333-8FDC-42A3-9474-1A3956D46DE8}") = "In", "In", "{870C3684-A81B-4007-B72B-F6713562120E}"
EndProject
Project("{2150E333-8FDC-42A3-9474-1A3956D46DE8}") = "Out", "Out", "{2714EFDE-95F8-4756-9503-9130EE4D80F2}"
EndProject
Project("{FAE04EC0-301F-11D3-BF4B-00C04F79EFBC}") = "Domain10.RentalCar10", "Domain10.RentalCar10\Domain10.RentalCar10.csproj", "{A348432C-D5ED-46BD-AA5A-269A2A35FFB0}"
EndProject
Project("{2150E333-8FDC-42A3-9474-1A3956D46DE8}") = "UnitTest", "UnitTest", "{DAABB937-23E8-4FDC-8FF9-3922C12B64A7}"
EndProject
Project("{FAE04EC0-301F-11D3-BF4B-00C04F79EFBC}") = "Domain10.RentalCar10Tests", "Domain10.RentalCar10Tests\Domain10.RentalCar10Tests.csproj", "{49279126-88AE-4B58-9DE6-38F71A4D0A66}"
EndProject
Project("{FAE04EC0-301F-11D3-BF4B-00C04F79EFBC}") = "Application10.RentalCar10", "Application10.RentalCar10\Application10.RentalCar10.csproj", "{7F823A47-D34A-4F2D-8D8F-ED56093A6368}"
EndProject
Project("{FAE04EC0-301F-11D3-BF4B-00C04F79EFBC}") = "Infrastructure10.RentalCar10", "Infrastructure10.RentalCar10\Infrastructure10.RentalCar10.csproj", "{C8C22CE4-0D00-4637-943B-663BA5B45CA2}"
EndProject
Project("{FAE04EC0-301F-11D3-BF4B-00C04F79EFBC}") = "Web10.RentalCar10", "Web10.RentalCar10\Web10.RentalCar10.csproj", "{2511D410-4959-45BB-9DFD-BD56AA33690B}"
EndProject
Project("{2150E333-8FDC-42A3-9474-1A3956D46DE8}") = "Configuration", "Configuration", "{868DB855-86BC-4FBE-8645-9C10741B440E}"
EndProject
Project("{FAE04EC0-301F-11D3-BF4B-00C04F79EFBC}") = "EasyArchitectV2Lab10.Configuration10", "EasyArchitectV2Lab10.Configuration10\EasyArchitectV2Lab10.Configuration10.csproj", "{32A2C334-1393-4D40-94ED-CF1D2F87DB1C}"
EndProject
Project("{FAE04EC0-301F-11D3-BF4B-00C04F79EFBC}") = "EasyArchitectV2Lab10.JWTMiddleware10", "EasyArchitectV2Lab10.JWTMiddleware10\EasyArchitectV2Lab10.JWTMiddleware10.csproj", "{C7715979-FADD-4960-A891-B244C37D197A}"
EndProject
Project("{FAE04EC0-301F-11D3-BF4B-00C04F79EFBC}") = "EasyArchitectV2Lab10.AuthExtensions10", "EasyArchitectV2Lab10.AuthExtensions10\EasyArchitectV2Lab10.AuthExtensions10.csproj", "{D2BE4134-D2DD-4F07-BD76-62C574235C63}"
EndProject
Project("{FAE04EC0-301F-11D3-BF4B-00C04F79EFBC}") = "EasyArchitectV2Lab10.ApiControllerBase10", "EasyArchitectV2Lab10.ApiControllerBase10\EasyArchitectV2Lab10.ApiControllerBase10.csproj", "{52970F24-28D5-4FCE-8771-E21322658EED}"
EndProject
Project("{FAE04EC0-301F-11D3-BF4B-00C04F79EFBC}") = "AOP.ApiControllerBase.ApiLog10", "AOP.ApiControllerBase.ApiLog10\AOP.ApiControllerBase.ApiLog10.csproj", "{AD6F8D45-9BD8-4CFA-BE97-18E45E814C33}"
EndProject
Project("{FAE04EC0-301F-11D3-BF4B-00C04F79EFBC}") = "EasyArchitectV2Lab10.AuthExtensions10.Extensions", "EasyArchitectV2Lab10.AuthExtensions10.Extensions\EasyArchitectV2Lab10.AuthExtensions10.Extensions.csproj", "{A68134DA-BDFE-4B32-A60C-F8BB342824E0}"
EndProject
Project("{FAE04EC0-301F-11D3-BF4B-00C04F79EFBC}") = "EasyArchitectV2Lab10.AuthExtensions10.Filters", "EasyArchitectV2Lab10.AuthExtensions10.Filters\EasyArchitectV2Lab10.AuthExtensions10.Filters.csproj", "{A37B9715-DDC2-42C3-B8BB-B27094161858}"
EndProject
Project("{2150E333-8FDC-42A3-9474-1A3956D46DE8}") = "方案項目", "方案項目", "{1463C366-FBA4-4A87-BA0D-7D7950D33FBB}"
	ProjectSection(SolutionItems) = preProject
		README.md = README.md
	EndProjectSection
EndProject
Global
	GlobalSection(SolutionConfigurationPlatforms) = preSolution
		Debug|Any CPU = Debug|Any CPU
		Release|Any CPU = Release|Any CPU
	EndGlobalSection
	GlobalSection(ProjectConfigurationPlatforms) = postSolution
		{A348432C-D5ED-46BD-AA5A-269A2A35FFB0}.Debug|Any CPU.ActiveCfg = Debug|Any CPU
		{A348432C-D5ED-46BD-AA5A-269A2A35FFB0}.Debug|Any CPU.Build.0 = Debug|Any CPU
		{A348432C-D5ED-46BD-AA5A-269A2A35FFB0}.Release|Any CPU.ActiveCfg = Release|Any CPU
		{A348432C-D5ED-46BD-AA5A-269A2A35FFB0}.Release|Any CPU.Build.0 = Release|Any CPU
		{49279126-88AE-4B58-9DE6-38F71A4D0A66}.Debug|Any CPU.ActiveCfg = Debug|Any CPU
		{49279126-88AE-4B58-9DE6-38F71A4D0A66}.Debug|Any CPU.Build.0 = Debug|Any CPU
		{49279126-88AE-4B58-9DE6-38F71A4D0A66}.Release|Any CPU.ActiveCfg = Release|Any CPU
		{49279126-88AE-4B58-9DE6-38F71A4D0A66}.Release|Any CPU.Build.0 = Release|Any CPU
		{7F823A47-D34A-4F2D-8D8F-ED56093A6368}.Debug|Any CPU.ActiveCfg = Debug|Any CPU
		{7F823A47-D34A-4F2D-8D8F-ED56093A6368}.Debug|Any CPU.Build.0 = Debug|Any CPU
		{7F823A47-D34A-4F2D-8D8F-ED56093A6368}.Release|Any CPU.ActiveCfg = Release|Any CPU
		{7F823A47-D34A-4F2D-8D8F-ED56093A6368}.Release|Any CPU.Build.0 = Release|Any CPU
		{C8C22CE4-0D00-4637-943B-663BA5B45CA2}.Debug|Any CPU.ActiveCfg = Debug|Any CPU
		{C8C22CE4-0D00-4637-943B-663BA5B45CA2}.Debug|Any CPU.Build.0 = Debug|Any CPU
		{C8C22CE4-0D00-4637-943B-663BA5B45CA2}.Release|Any CPU.ActiveCfg = Release|Any CPU
		{C8C22CE4-0D00-4637-943B-663BA5B45CA2}.Release|Any CPU.Build.0 = Release|Any CPU
		{2511D410-4959-45BB-9DFD-BD56AA33690B}.Debug|Any CPU.ActiveCfg = Debug|Any CPU
		{2511D410-4959-45BB-9DFD-BD56AA33690B}.Debug|Any CPU.Build.0 = Debug|Any CPU
		{2511D410-4959-45BB-9DFD-BD56AA33690B}.Release|Any CPU.ActiveCfg = Release|Any CPU
		{2511D410-4959-45BB-9DFD-BD56AA33690B}.Release|Any CPU.Build.0 = Release|Any CPU
		{32A2C334-1393-4D40-94ED-CF1D2F87DB1C}.Debug|Any CPU.ActiveCfg = Debug|Any CPU
		{32A2C334-1393-4D40-94ED-CF1D2F87DB1C}.Debug|Any CPU.Build.0 = Debug|Any CPU
		{32A2C334-1393-4D40-94ED-CF1D2F87DB1C}.Release|Any CPU.ActiveCfg = Release|Any CPU
		{32A2C334-1393-4D40-94ED-CF1D2F87DB1C}.Release|Any CPU.Build.0 = Release|Any CPU
		{C7715979-FADD-4960-A891-B244C37D197A}.Debug|Any CPU.ActiveCfg = Debug|Any CPU
		{C7715979-FADD-4960-A891-B244C37D197A}.Debug|Any CPU.Build.0 = Debug|Any CPU
		{C7715979-FADD-4960-A891-B244C37D197A}.Release|Any CPU.ActiveCfg = Release|Any CPU
		{C7715979-FADD-4960-A891-B244C37D197A}.Release|Any CPU.Build.0 = Release|Any CPU
		{D2BE4134-D2DD-4F07-BD76-62C574235C63}.Debug|Any CPU.ActiveCfg = Debug|Any CPU
		{D2BE4134-D2DD-4F07-BD76-62C574235C63}.Debug|Any CPU.Build.0 = Debug|Any CPU
		{D2BE4134-D2DD-4F07-BD76-62C574235C63}.Release|Any CPU.ActiveCfg = Release|Any CPU
		{D2BE4134-D2DD-4F07-BD76-62C574235C63}.Release|Any CPU.Build.0 = Release|Any CPU
		{52970F24-28D5-4FCE-8771-E21322658EED}.Debug|Any CPU.ActiveCfg = Debug|Any CPU
		{52970F24-28D5-4FCE-8771-E21322658EED}.Debug|Any CPU.Build.0 = Debug|Any CPU
		{52970F24-28D5-4FCE-8771-E21322658EED}.Release|Any CPU.ActiveCfg = Release|Any CPU
		{52970F24-28D5-4FCE-8771-E21322658EED}.Release|Any CPU.Build.0 = Release|Any CPU
		{AD6F8D45-9BD8-4CFA-BE97-18E45E814C33}.Debug|Any CPU.ActiveCfg = Debug|Any CPU
		{AD6F8D45-9BD8-4CFA-BE97-18E45E814C33}.Debug|Any CPU.Build.0 = Debug|Any CPU
		{AD6F8D45-9BD8-4CFA-BE97-18E45E814C33}.Release|Any CPU.ActiveCfg = Release|Any CPU
		{AD6F8D45-9BD8-4CFA-BE97-18E45E814C33}.Release|Any CPU.Build.0 = Release|Any CPU
		{A68134DA-BDFE-4B32-A60C-F8BB342824E0}.Debug|Any CPU.ActiveCfg = Debug|Any CPU
		{A68134DA-BDFE-4B32-A60C-F8BB342824E0}.Debug|Any CPU.Build.0 = Debug|Any CPU
		{A68134DA-BDFE-4B32-A60C-F8BB342824E0}.Release|Any CPU.ActiveCfg = Release|Any CPU
		{A68134DA-BDFE-4B32-A60C-F8BB342824E0}.Release|Any CPU.Build.0 = Release|Any CPU
		{A37B9715-DDC2-42C3-B8BB-B27094161858}.Debug|Any CPU.ActiveCfg = Debug|Any CPU
		{A37B9715-DDC2-42C3-B8BB-B27094161858}.Debug|Any CPU.Build.0 = Debug|Any CPU
		{A37B9715-DDC2-42C3-B8BB-B27094161858}.Release|Any CPU.ActiveCfg = Release|Any CPU
		{A37B9715-DDC2-42C3-B8BB-B27094161858}.Release|Any CPU.Build.0 = Release|Any CPU
	EndGlobalSection
	GlobalSection(SolutionProperties) = preSolution
		HideSolutionNode = FALSE
	EndGlobalSection
	GlobalSection(NestedProjects) = preSolution
		{CCE8694E-88BC-41F9-9C00-089C0CEC5904} = {8FEF6556-54BE-4CD8-8D26-8729907E14C8}
		{870C3684-A81B-4007-B72B-F6713562120E} = {CCE8694E-88BC-41F9-9C00-089C0CEC5904}
		{2714EFDE-95F8-4756-9503-9130EE4D80F2} = {CCE8694E-88BC-41F9-9C00-089C0CEC5904}
		{A348432C-D5ED-46BD-AA5A-269A2A35FFB0} = {CCE8694E-88BC-41F9-9C00-089C0CEC5904}
		{49279126-88AE-4B58-9DE6-38F71A4D0A66} = {DAABB937-23E8-4FDC-8FF9-3922C12B64A7}
		{7F823A47-D34A-4F2D-8D8F-ED56093A6368} = {CCE8694E-88BC-41F9-9C00-089C0CEC5904}
		{C8C22CE4-0D00-4637-943B-663BA5B45CA2} = {2714EFDE-95F8-4756-9503-9130EE4D80F2}
		{2511D410-4959-45BB-9DFD-BD56AA33690B} = {870C3684-A81B-4007-B72B-F6713562120E}
		{868DB855-86BC-4FBE-8645-9C10741B440E} = {8FEF6556-54BE-4CD8-8D26-8729907E14C8}
		{32A2C334-1393-4D40-94ED-CF1D2F87DB1C} = {868DB855-86BC-4FBE-8645-9C10741B440E}
		{C7715979-FADD-4960-A891-B244C37D197A} = {868DB855-86BC-4FBE-8645-9C10741B440E}
		{D2BE4134-D2DD-4F07-BD76-62C574235C63} = {868DB855-86BC-4FBE-8645-9C10741B440E}
		{52970F24-28D5-4FCE-8771-E21322658EED} = {868DB855-86BC-4FBE-8645-9C10741B440E}
		{AD6F8D45-9BD8-4CFA-BE97-18E45E814C33} = {868DB855-86BC-4FBE-8645-9C10741B440E}
		{A68134DA-BDFE-4B32-A60C-F8BB342824E0} = {868DB855-86BC-4FBE-8645-9C10741B440E}
		{A37B9715-DDC2-42C3-B8BB-B27094161858} = {868DB855-86BC-4FBE-8645-9C10741B440E}
	EndGlobalSection
EndGlobal
